
Microsoft Visual Studio Solution File, Format Version 11.00
# Visual Studio 2010
Project("{FAE04EC0-301F-11D3-BF4B-00C04F79EFBC}") = "WPFShutdown", "WPFShutdown\WPFShutdown.csproj", "{87201C43-46E6-4205-A01A-9A12E2C1A9CF}"
EndProject
Project("{54435603-DBB4-11D2-8724-00A0C9A8B90C}") = "Setup", "Setup\Setup.vdproj", "{A0368E12-546A-4E79-ADF4-9E074EE8D498}"
EndProject
Global
	GlobalSection(SolutionConfigurationPlatforms) = preSolution
		Debug|x86 = Debug|x86
		Release|x86 = Release|x86
	EndGlobalSection
	GlobalSection(ProjectConfigurationPlatforms) = postSolution
		{87201C43-46E6-4205-A01A-9A12E2C1A9CF}.Debug|x86.ActiveCfg = Debug|x86
		{87201C43-46E6-4205-A01A-9A12E2C1A9CF}.Debug|x86.Build.0 = Debug|x86
		{87201C43-46E6-4205-A01A-9A12E2C1A9CF}.Release|x86.ActiveCfg = Release|x86
		{87201C43-46E6-4205-A01A-9A12E2C1A9CF}.Release|x86.Build.0 = Release|x86
		{A0368E12-546A-4E79-ADF4-9E074EE8D498}.Debug|x86.ActiveCfg = Debug
		{A0368E12-546A-4E79-ADF4-9E074EE8D498}.Release|x86.ActiveCfg = Release
	EndGlobalSection
	GlobalSection(SolutionProperties) = preSolution
		HideSolutionNode = FALSE
	EndGlobalSection
EndGlobal
